{
    "requires": true,
    "lockfileVersion": 1,
    "dependencies": {
        "rateyo": {
            "version": "2.3.5",
            "resolved": "https://registry.npmjs.org/rateyo/-/rateyo-2.3.5.tgz",
            "integrity": "sha512-X0ewsUTzZiJwxJkca4RhRn6q53OkpuHoRdF9VFPluhP84N8NM2JnD/uBUT4QOtCj/5dNa0A+bEkJA7n/gWsYag=="
        },
        "vue-star-rating": {
            "version": "1.6.1",
            "resolved": "https://registry.npmjs.org/vue-star-rating/-/vue-star-rating-1.6.1.tgz",
            "integrity": "sha512-JSmVx16rcxyw4Ma6YQ5DnIExyjF4IFf/ypxh3zfmtFZzE/hjswDT0fLn1vF4ERxDbAp0nHA3u51BYFbA8gyYyQ=="
        }
    }
}
